
Microsoft Visual Studio Solution File, Format Version 12.00
# Visual Studio 15
VisualStudioVersion = 15.0.27703.2000
MinimumVisualStudioVersion = 10.0.40219.1
Project("{FAE04EC0-301F-11D3-BF4B-00C04F79EFBC}") = "Reminder", "Reminder\Reminder.csproj", "{53D62170-C0FF-4EAA-B4DD-7455AE7F4DAB}"
EndProject
Global
	GlobalSection(SolutionConfigurationPlatforms) = preSolution
		Debug|Any CPU = Debug|Any CPU
		Release|Any CPU = Release|Any CPU
	EndGlobalSection
	GlobalSection(ProjectConfigurationPlatforms) = postSolution
		{53D62170-C0FF-4EAA-B4DD-7455AE7F4DAB}.Debug|Any CPU.ActiveCfg = Debug|Any CPU
		{53D62170-C0FF-4EAA-B4DD-7455AE7F4DAB}.Debug|Any CPU.Build.0 = Debug|Any CPU
		{53D62170-C0FF-4EAA-B4DD-7455AE7F4DAB}.Release|Any CPU.ActiveCfg = Release|Any CPU
		{53D62170-C0FF-4EAA-B4DD-7455AE7F4DAB}.Release|Any CPU.Build.0 = Release|Any CPU
	EndGlobalSection
	GlobalSection(SolutionProperties) = preSolution
		HideSolutionNode = FALSE
	EndGlobalSection
	GlobalSection(ExtensibilityGlobals) = postSolution
		SolutionGuid = {863A0B99-ECE9-491D-914E-093E58DCD4E6}
	EndGlobalSection
EndGlobal
